PODS:
  - ReactiveCocoa (6.0.2):
    - ReactiveSwift (~> 2.0)
  - ReactiveSwift (2.0.1):
    - Result (~> 3.2)
  - Result (3.2.4)

DEPENDENCIES:
  - ReactiveCocoa (~> 6.0)

SPEC CHECKSUMS:
  ReactiveCocoa: 9dcbd8275374f35a6e5fcce01a93b860a7b92c44
  ReactiveSwift: 60a29ff35988a964fd2bb759755cb6594de523fc
  Result: d2d07204ce72856f1fd9130bbe42c35a7b0fea10

PODFILE CHECKSUM: 40faf4e110b1703ab402997dbd78217b11820d1b

COCOAPODS: 1.3.1
